// !$*UTF8*$!
{
	archiveVersion = 1;
	classes = {
	};
	objectVersion = 77;
	objects = {

/* Begin PBXContainerItemProxy section */
		3BB49FE12DF6902700432B57 /* PBXContainerItemProxy */ = {
			isa = PBXContainerItemProxy;
			containerPortal = 3BB49FCA2DF6902600432B57 /* Project object */;
			proxyType = 1;
			remoteGlobalIDString = 3BB49FD12DF6902600432B57;
			remoteInfo = SpotifyFloater;
		};
		3BB49FEB2DF6902700432B57 /* PBXContainerItemProxy */ = {
			isa = PBXContainerItemProxy;
			containerPortal = 3BB49FCA2DF6902600432B57 /* Project object */;
			proxyType = 1;
			remoteGlobalIDString = 3BB49FD12DF6902600432B57;
			remoteInfo = SpotifyFloater;
		};
/* End PBXContainerItemProxy section */

/* Begin PBXFileReference section */
		3BB49FD22DF6902600432B57 /* SpotifyFloater.app */ = {isa = PBXFileReference; explicitFileType = wrapper.application; includeInIndex = 0; path = SpotifyFloater.app; sourceTree = BUILT_PRODUCTS_DIR; };
		3BB49FE02DF6902700432B57 /* SpotifyFloaterTests.xctest */ = {isa = PBXFileReference; explicitFileType = wrapper.cfbundle; includeInIndex = 0; path = SpotifyFloaterTests.xctest; sourceTree = BUILT_PRODUCTS_DIR; };
		3BB49FEA2DF6902700432B57 /* SpotifyFloaterUITests.xctest */ = {isa = PBXFileReference; explicitFileType = wrapper.cfbundle; includeInIndex = 0; path = SpotifyFloaterUITests.xctest; sourceTree = BUILT_PRODUCTS_DIR; };
/* End PBXFileReference section */

/* Begin PBXFileSystemSynchronizedBuildFileExceptionSet section */
		3BB49FFE2DF690DE00432B57 /* Exceptions for "SpotifyFloater" folder in "SpotifyFloater" target */ = {
			isa = PBXFileSystemSynchronizedBuildFileExceptionSet;
			membershipExceptions = (
				Info.plist,
			);
			target = 3BB49FD12DF6902600432B57 /* SpotifyFloater */;
		};
/* End PBXFileSystemSynchronizedBuildFileExceptionSet section */

/* Begin PBXFileSystemSynchronizedRootGroup section */
		3BB49FD42DF6902600432B57 /* SpotifyFloater */ = {
			isa = PBXFileSystemSynchronizedRootGroup;
			exceptions = (
				3BB49FFE2DF690DE00432B57 /* Exceptions for "SpotifyFloater" folder in "SpotifyFloater" target */,
			);
			path = SpotifyFloater;
			sourceTree = "<group>";
		};
		3BB49FE32DF6902700432B57 /* SpotifyFloaterTests */ = {
			isa = PBXFileSystemSynchronizedRootGroup;
			path = SpotifyFloaterTests;
			sourceTree = "<group>";
		};
		3BB49FED2DF6902700432B57 /* SpotifyFloaterUITests */ = {
			isa = PBXFileSystemSynchronizedRootGroup;
			path = SpotifyFloaterUITests;
			sourceTree = "<group>";
		};
/* End PBXFileSystemSynchronizedRootGroup section */

/* Begin PBXFrameworksBuildPhase section */
		3BB49FCF2DF6902600432B57 /* Frameworks */ = {
			isa = PBXFrameworksBuildPhase;
			buildActionMask = 2147483647;
			files = (
			);
			runOnlyForDeploymentPostprocessing = 0;
		};
		3BB49FDD2DF6902700432B57 /* Frameworks */ = {
			isa = PBXFrameworksBuildPhase;
			buildActionMask = 2147483647;
			files = (
			);
			runOnlyForDeploymentPostprocessing = 0;
		};
		3BB49FE72DF6902700432B57 /* Frameworks */ = {
			isa = PBXFrameworksBuildPhase;
			buildActionMask = 2147483647;
			files = (
			);
			runOnlyForDeploymentPostprocessing = 0;
		};
/* End PBXFrameworksBuildPhase section */

/* Begin PBXGroup section */
		3BB49FC92DF6902600432B57 = {
			isa = PBXGroup;
			children = (
				3BB49FD42DF6902600432B57 /* SpotifyFloater */,
				3BB49FE32DF6902700432B57 /* SpotifyFloaterTests */,
				3BB49FED2DF6902700432B57 /* SpotifyFloaterUITests */,
				3BB49FD32DF6902600432B57 /* Products */,
			);
			sourceTree = "<group>";
		};
		3BB49FD32DF6902600432B57 /* Products */ = {
			isa = PBXGroup;
			children = (
				3BB49FD22DF6902600432B57 /* SpotifyFloater.app */,
				3BB49FE02DF6902700432B57 /* SpotifyFloaterTests.xctest */,
				3BB49FEA2DF6902700432B57 /* SpotifyFloaterUITests.xctest */,
			);
			name = Products;
			sourceTree = "<group>";
		};
/* End PBXGroup section */

/* Begin PBXNativeTarget section */
		3BB49FD12DF6902600432B57 /* SpotifyFloater */ = {
			isa = PBXNativeTarget;
			buildConfigurationList = 3BB49FF42DF6902700432B57 /* Build configuration list for PBXNativeTarget "SpotifyFloater" */;
			buildPhases = (
				3BB49FCE2DF6902600432B57 /* Sources */,
				3BB49FCF2DF6902600432B57 /* Frameworks */,
				3BB49FD02DF6902600432B57 /* Resources */,
			);
			buildRules = (
			);
			dependencies = (
			);
			fileSystemSynchronizedGroups = (
				3BB49FD42DF6902600432B57 /* SpotifyFloater */,
			);
			name = SpotifyFloater;
			packageProductDependencies = (
			);
			productName = SpotifyFloater;
			productReference = 3BB49FD22DF6902600432B57 /* SpotifyFloater.app */;
			productType = "com.apple.product-type.application";
		};
		3BB49FDF2DF6902700432B57 /* SpotifyFloaterTests */ = {
			isa = PBXNativeTarget;
			buildConfigurationList = 3BB49FF72DF6902700432B57 /* Build configuration list for PBXNativeTarget "SpotifyFloaterTests" */;
			buildPhases = (
				3BB49FDC2DF6902700432B57 /* Sources */,
				3BB49FDD2DF6902700432B57 /* Frameworks */,
				3BB49FDE2DF6902700432B57 /* Resources */,
			);
			buildRules = (
			);
			dependencies = (
				3BB49FE22DF6902700432B57 /* PBXTargetDependency */,
			);
			fileSystemSynchronizedGroups = (
				3BB49FE32DF6902700432B57 /* SpotifyFloaterTests */,
			);
			name = SpotifyFloaterTests;
			packageProductDependencies = (
			);
			productName = SpotifyFloaterTests;
			productReference = 3BB49FE02DF6902700432B57 /* SpotifyFloaterTests.xctest */;
			productType = "com.apple.product-type.bundle.unit-test";
		};
		3BB49FE92DF6902700432B57 /* SpotifyFloaterUITests */ = {
			isa = PBXNativeTarget;
			buildConfigurationList = 3BB49FFA2DF6902700432B57 /* Build configuration list for PBXNativeTarget "SpotifyFloaterUITests" */;
			buildPhases = (
				3BB49FE62DF6902700432B57 /* Sources */,
				3BB49FE72DF6902700432B57 /* Frameworks */,
				3BB49FE82DF6902700432B57 /* Resources */,
			);
			buildRules = (
			);
			dependencies = (
				3BB49FEC2DF6902700432B57 /* PBXTargetDependency */,
			);
			fileSystemSynchronizedGroups = (
				3BB49FED2DF6902700432B57 /* SpotifyFloaterUITests */,
			);
			name = SpotifyFloaterUITests;
			packageProductDependencies = (
			);
			productName = SpotifyFloaterUITests;
			productReference = 3BB49FEA2DF6902700432B57 /* SpotifyFloaterUITests.xctest */;
			productType = "com.apple.product-type.bundle.ui-testing";
		};
/* End PBXNativeTarget section */

/* Begin PBXProject section */
		3BB49FCA2DF6902600432B57 /* Project object */ = {
			isa = PBXProject;
			attributes = {
				BuildIndependentTargetsInParallel = 1;
				LastSwiftUpdateCheck = 1640;
				LastUpgradeCheck = 1640;
				TargetAttributes = {
					3BB49FD12DF6902600432B57 = {
						CreatedOnToolsVersion = 16.4;
					};
					3BB49FDF2DF6902700432B57 = {
						CreatedOnToolsVersion = 16.4;
						TestTargetID = 3BB49FD12DF6902600432B57;
					};
					3BB49FE92DF6902700432B57 = {
						CreatedOnToolsVersion = 16.4;
						TestTargetID = 3BB49FD12DF6902600432B57;
					};
				};
			};
			buildConfigurationList = 3BB49FCD2DF6902600432B57 /* Build configuration list for PBXProject "SpotifyFloater" */;
			developmentRegion = en;
			hasScannedForEncodings = 0;
			knownRegions = (
				en,
				Base,
			);
			mainGroup = 3BB49FC92DF6902600432B57;
			minimizedProjectReferenceProxies = 1;
			preferredProjectObjectVersion = 77;
			productRefGroup = 3BB49FD32DF6902600432B57 /* Products */;
			projectDirPath = "";
			projectRoot = "";
			targets = (
				3BB49FD12DF6902600432B57 /* SpotifyFloater */,
				3BB49FDF2DF6902700432B57 /* SpotifyFloaterTests */,
				3BB49FE92DF6902700432B57 /* SpotifyFloaterUITests */,
			);
		};
/* End PBXProject section */

/* Begin PBXResourcesBuildPhase section */
		3BB49FD02DF6902600432B57 /* Resources */ = {
			isa = PBXResourcesBuildPhase;
			buildActionMask = 2147483647;
			files = (
			);
			runOnlyForDeploymentPostprocessing = 0;
		};
		3BB49FDE2DF6902700432B57 /* Resources */ = {
			isa = PBXResourcesBuildPhase;
			buildActionMask = 2147483647;
			files = (
			);
			runOnlyForDeploymentPostprocessing = 0;
		};
		3BB49FE82DF6902700432B57 /* Resources */ = {
			isa = PBXResourcesBuildPhase;
			buildActionMask = 2147483647;
			files = (
			);
			runOnlyForDeploymentPostprocessing = 0;
		};
/* End PBXResourcesBuildPhase section */

/* Begin PBXSourcesBuildPhase section */
		3BB49FCE2DF6902600432B57 /* Sources */ = {
			isa = PBXSourcesBuildPhase;
			buildActionMask = 2147483647;
			files = (
			);
			runOnlyForDeploymentPostprocessing = 0;
		};
		3BB49FDC2DF6902700432B57 /* Sources */ = {
			isa = PBXSourcesBuildPhase;
			buildActionMask = 2147483647;
			files = (
			);
			runOnlyForDeploymentPostprocessing = 0;
		};
		3BB49FE62DF6902700432B57 /* Sources */ = {
			isa = PBXSourcesBuildPhase;
			buildActionMask = 2147483647;
			files = (
			);
			runOnlyForDeploymentPostprocessing = 0;
		};
/* End PBXSourcesBuildPhase section */

/* Begin PBXTargetDependency section */
		3BB49FE22DF6902700432B57 /* PBXTargetDependency */ = {
			isa = PBXTargetDependency;
			target = 3BB49FD12DF6902600432B57 /* SpotifyFloater */;
			targetProxy = 3BB49FE12DF6902700432B57 /* PBXContainerItemProxy */;
		};
		3BB49FEC2DF6902700432B57 /* PBXTargetDependency */ = {
			isa = PBXTargetDependency;
			target = 3BB49FD12DF6902600432B57 /* SpotifyFloater */;
			targetProxy = 3BB49FEB2DF6902700432B57 /* PBXContainerItemProxy */;
		};
/* End PBXTargetDependency section */

/* Begin XCBuildConfiguration section */
		3BB49FF22DF6902700432B57 /* Debug */ = {
			isa = XCBuildConfiguration;
			buildSettings = {
				ALWAYS_SEARCH_USER_PATHS = NO;
				ASSETCATALOG_COMPILER_GENERATE_SWIFT_ASSET_SYMBOL_EXTENSIONS = YES;
				CLANG_ANALYZER_NONNULL = YES;
				CLANG_ANALYZER_NUMBER_OBJECT_CONVERSION = YES_AGGRESSIVE;
				CLANG_CXX_LANGUAGE_STANDARD = "gnu++20";
				CLANG_ENABLE_MODULES = YES;
				CLANG_ENABLE_OBJC_ARC = YES;
				CLANG_ENABLE_OBJC_WEAK = YES;
				CLANG_WARN_BLOCK_CAPTURE_AUTORELEASING = YES;
				CLANG_WARN_BOOL_CONVERSION = YES;
				CLANG_WARN_COMMA = YES;
				CLANG_WARN_CONSTANT_CONVERSION = YES;
				CLANG_WARN_DEPRECATED_OBJC_IMPLEMENTATIONS = YES;
				CLANG_WARN_DIRECT_OBJC_ISA_USAGE = YES_ERROR;
				CLANG_WARN_DOCUMENTATION_COMMENTS = YES;
				CLANG_WARN_EMPTY_BODY = YES;
				CLANG_WARN_ENUM_CONVERSION = YES;
				CLANG_WARN_INFINITE_RECURSION = YES;
				CLANG_WARN_INT_CONVERSION = YES;
				CLANG_WARN_NON_LITERAL_NULL_CONVERSION = YES;
				CLANG_WARN_OBJC_IMPLICIT_RETAIN_SELF = YES;
				CLANG_WARN_OBJC_LITERAL_CONVERSION = YES;
				CLANG_WARN_OBJC_ROOT_CLASS = YES_ERROR;
				CLANG_WARN_QUOTED_INCLUDE_IN_FRAMEWORK_HEADER = YES;
				CLANG_WARN_RANGE_LOOP_ANALYSIS = YES;
				CLANG_WARN_STRICT_PROTOTYPES = YES;
				CLANG_WARN_SUSPICIOUS_MOVE = YES;
				CLANG_WARN_UNGUARDED_AVAILABILITY = YES_AGGRESSIVE;
				CLANG_WARN_UNREACHABLE_CODE = YES;
				CLANG_WARN__DUPLICATE_METHOD_MATCH = YES;
				COPY_PHASE_STRIP = NO;
				DEBUG_INFORMATION_FORMAT = dwarf;
				ENABLE_STRICT_OBJC_MSGSEND = YES;
				ENABLE_TESTABILITY = YES;
				ENABLE_USER_SCRIPT_SANDBOXING = YES;
				GCC_C_LANGUAGE_STANDARD = gnu17;
				GCC_DYNAMIC_NO_PIC = NO;
				GCC_NO_COMMON_BLOCKS = YES;
				GCC_OPTIMIZATION_LEVEL = 0;
				GCC_PREPROCESSOR_DEFINITIONS = (
					"DEBUG=1",
					"$(inherited)",
				);
				GCC_WARN_64_TO_32_BIT_CONVERSION = YES;
				GCC_WARN_ABOUT_RETURN_TYPE = YES_ERROR;
				GCC_WARN_UNDECLARED_SELECTOR = YES;
				GCC_WARN_UNINITIALIZED_AUTOS = YES_AGGRESSIVE;
				GCC_WARN_UNUSED_FUNCTION = YES;
				GCC_WARN_UNUSED_VARIABLE = YES;
				LOCALIZATION_PREFERS_STRING_CATALOGS = YES;
				MACOSX_DEPLOYMENT_TARGET = 15.5;
				MTL_ENABLE_DEBUG_INFO = INCLUDE_SOURCE;
				MTL_FAST_MATH = YES;
				ONLY_ACTIVE_ARCH = YES;
				SDKROOT = macosx;
				SWIFT_ACTIVE_COMPILATION_CONDITIONS = "DEBUG $(inherited)";
				SWIFT_OPTIMIZATION_LEVEL = "-Onone";
			};
			name = Debug;
		};
		3BB49FF32DF6902700432B57 /* Release */ = {
			isa = XCBuildConfiguration;
			buildSettings = {
				ALWAYS_SEARCH_USER_PATHS = NO;
				ASSETCATALOG_COMPILER_GENERATE_SWIFT_ASSET_SYMBOL_EXTENSIONS = YES;
				CLANG_ANALYZER_NONNULL = YES;
				CLANG_ANALYZER_NUMBER_OBJECT_CONVERSION = YES_AGGRESSIVE;
				CLANG_CXX_LANGUAGE_STANDARD = "gnu++20";
				CLANG_ENABLE_MODULES = YES;
				CLANG_ENABLE_OBJC_ARC = YES;
				CLANG_ENABLE_OBJC_WEAK = YES;
				CLANG_WARN_BLOCK_CAPTURE_AUTORELEASING = YES;
				CLANG_WARN_BOOL_CONVERSION = YES;
				CLANG_WARN_COMMA = YES;
				CLANG_WARN_CONSTANT_CONVERSION = YES;
				CLANG_WARN_DEPRECATED_OBJC_IMPLEMENTATIONS = YES;
				CLANG_WARN_DIRECT_OBJC_ISA_USAGE = YES_ERROR;
				CLANG_WARN_DOCUMENTATION_COMMENTS = YES;
				CLANG_WARN_EMPTY_BODY = YES;
				CLANG_WARN_ENUM_CONVERSION = YES;
				CLANG_WARN_INFINITE_RECURSION = YES;
				CLANG_WARN_INT_CONVERSION = YES;
				CLANG_WARN_NON_LITERAL_NULL_CONVERSION = YES;
				CLANG_WARN_OBJC_IMPLICIT_RETAIN_SELF = YES;
				CLANG_WARN_OBJC_LITERAL_CONVERSION = YES;
				CLANG_WARN_OBJC_ROOT_CLASS = YES_ERROR;
				CLANG_WARN_QUOTED_INCLUDE_IN_FRAMEWORK_HEADER = YES;
				CLANG_WARN_RANGE_LOOP_ANALYSIS = YES;
				CLANG_WARN_STRICT_PROTOTYPES = YES;
				CLANG_WARN_SUSPICIOUS_MOVE = YES;
				CLANG_WARN_UNGUARDED_AVAILABILITY = YES_AGGRESSIVE;
				CLANG_WARN_UNREACHABLE_CODE = YES;
				CLANG_WARN__DUPLICATE_METHOD_MATCH = YES;
				COPY_PHASE_STRIP = NO;
				DEBUG_INFORMATION_FORMAT = "dwarf-with-dsym";
				ENABLE_NS_ASSERTIONS = NO;
				ENABLE_STRICT_OBJC_MSGSEND = YES;
				ENABLE_USER_SCRIPT_SANDBOXING = YES;
				GCC_C_LANGUAGE_STANDARD = gnu17;
				GCC_NO_COMMON_BLOCKS = YES;
				GCC_WARN_64_TO_32_BIT_CONVERSION = YES;
				GCC_WARN_ABOUT_RETURN_TYPE = YES_ERROR;
				GCC_WARN_UNDECLARED_SELECTOR = YES;
				GCC_WARN_UNINITIALIZED_AUTOS = YES_AGGRESSIVE;
				GCC_WARN_UNUSED_FUNCTION = YES;
				GCC_WARN_UNUSED_VARIABLE = YES;
				LOCALIZATION_PREFERS_STRING_CATALOGS = YES;
				MACOSX_DEPLOYMENT_TARGET = 15.5;
				MTL_ENABLE_DEBUG_INFO = NO;
				MTL_FAST_MATH = YES;
				SDKROOT = macosx;
				SWIFT_COMPILATION_MODE = wholemodule;
			};
			name = Release;
		};
		3BB49FF52DF6902700432B57 /* Debug */ = {
			isa = XCBuildConfiguration;
			buildSettings = {
				ASSETCATALOG_COMPILER_APPICON_NAME = AppIcon;
				ASSETCATALOG_COMPILER_GLOBAL_ACCENT_COLOR_NAME = AccentColor;
				CODE_SIGN_ENTITLEMENTS = SpotifyFloater/SpotifyFloater.entitlements;
				CODE_SIGN_STYLE = Automatic;
				COMBINE_HIDPI_IMAGES = YES;
				CURRENT_PROJECT_VERSION = 1;
				ENABLE_PREVIEWS = YES;
				GENERATE_INFOPLIST_FILE = YES;
				INFOPLIST_FILE = SpotifyFloater/Info.plist;
				INFOPLIST_KEY_NSHumanReadableCopyright = "";
				LD_RUNPATH_SEARCH_PATHS = (
					"$(inherited)",
					"@executable_path/../Frameworks",
				);
				MARKETING_VERSION = 1.0;
				PRODUCT_BUNDLE_IDENTIFIER = LukasKanopka.SpotifyFloater;
				PRODUCT_NAME = "$(TARGET_NAME)";
				REGISTER_APP_GROUPS = YES;
				SWIFT_EMIT_LOC_STRINGS = YES;
				SWIFT_VERSION = 5.0;
			};
			name = Debug;
		};
		3BB49FF62DF6902700432B57 /* Release */ = {
			isa = XCBuildConfiguration;
			buildSettings = {
				ASSETCATALOG_COMPILER_APPICON_NAME = AppIcon;
				ASSETCATALOG_COMPILER_GLOBAL_ACCENT_COLOR_NAME = AccentColor;
				CODE_SIGN_ENTITLEMENTS = SpotifyFloater/SpotifyFloater.entitlements;
				CODE_SIGN_STYLE = Automatic;
				COMBINE_HIDPI_IMAGES = YES;
				CURRENT_PROJECT_VERSION = 1;
				ENABLE_PREVIEWS = YES;
				GENERATE_INFOPLIST_FILE = YES;
				INFOPLIST_FILE = SpotifyFloater/Info.plist;
				INFOPLIST_KEY_NSHumanReadableCopyright = "";
				LD_RUNPATH_SEARCH_PATHS = (
					"$(inherited)",
					"@executable_path/../Frameworks",
				);
				MARKETING_VERSION = 1.0;
				PRODUCT_BUNDLE_IDENTIFIER = LukasKanopka.SpotifyFloater;
				PRODUCT_NAME = "$(TARGET_NAME)";
				REGISTER_APP_GROUPS = YES;
				SWIFT_EMIT_LOC_STRINGS = YES;
				SWIFT_VERSION = 5.0;
			};
			name = Release;
		};
		3BB49FF82DF6902700432B57 /* Debug */ = {
			isa = XCBuildConfiguration;
			buildSettings = {
				BUNDLE_LOADER = "$(TEST_HOST)";
				CODE_SIGN_STYLE = Automatic;
				CURRENT_PROJECT_VERSION = 1;
				GENERATE_INFOPLIST_FILE = YES;
				MACOSX_DEPLOYMENT_TARGET = 15.5;
				MARKETING_VERSION = 1.0;
				PRODUCT_BUNDLE_IDENTIFIER = LukasKanopka.SpotifyFloaterTests;
				PRODUCT_NAME = "$(TARGET_NAME)";
				SWIFT_EMIT_LOC_STRINGS = NO;
				SWIFT_VERSION = 5.0;
				TEST_HOST = "$(BUILT_PRODUCTS_DIR)/SpotifyFloater.app/$(BUNDLE_EXECUTABLE_FOLDER_PATH)/SpotifyFloater";
			};
			name = Debug;
		};
		3BB49FF92DF6902700432B57 /* Release */ = {
			isa = XCBuildConfiguration;
			buildSettings = {
				BUNDLE_LOADER = "$(TEST_HOST)";
				CODE_SIGN_STYLE = Automatic;
				CURRENT_PROJECT_VERSION = 1;
				GENERATE_INFOPLIST_FILE = YES;
				MACOSX_DEPLOYMENT_TARGET = 15.5;
				MARKETING_VERSION = 1.0;
				PRODUCT_BUNDLE_IDENTIFIER = LukasKanopka.SpotifyFloaterTests;
				PRODUCT_NAME = "$(TARGET_NAME)";
				SWIFT_EMIT_LOC_STRINGS = NO;
				SWIFT_VERSION = 5.0;
				TEST_HOST = "$(BUILT_PRODUCTS_DIR)/SpotifyFloater.app/$(BUNDLE_EXECUTABLE_FOLDER_PATH)/SpotifyFloater";
			};
			name = Release;
		};
		3BB49FFB2DF6902700432B57 /* Debug */ = {
			isa = XCBuildConfiguration;
			buildSettings = {
				CODE_SIGN_STYLE = Automatic;
				CURRENT_PROJECT_VERSION = 1;
				GENERATE_INFOPLIST_FILE = YES;
				MARKETING_VERSION = 1.0;
				PRODUCT_BUNDLE_IDENTIFIER = LukasKanopka.SpotifyFloaterUITests;
				PRODUCT_NAME = "$(TARGET_NAME)";
				SWIFT_EMIT_LOC_STRINGS = NO;
				SWIFT_VERSION = 5.0;
				TEST_TARGET_NAME = SpotifyFloater;
			};
			name = Debug;
		};
		3BB49FFC2DF6902700432B57 /* Release */ = {
			isa = XCBuildConfiguration;
			buildSettings = {
				CODE_SIGN_STYLE = Automatic;
				CURRENT_PROJECT_VERSION = 1;
				GENERATE_INFOPLIST_FILE = YES;
				MARKETING_VERSION = 1.0;
				PRODUCT_BUNDLE_IDENTIFIER = LukasKanopka.SpotifyFloaterUITests;
				PRODUCT_NAME = "$(TARGET_NAME)";
				SWIFT_EMIT_LOC_STRINGS = NO;
				SWIFT_VERSION = 5.0;
				TEST_TARGET_NAME = SpotifyFloater;
			};
			name = Release;
		};
/* End XCBuildConfiguration section */

/* Begin XCConfigurationList section */
		3BB49FCD2DF6902600432B57 /* Build configuration list for PBXProject "SpotifyFloater" */ = {
			isa = XCConfigurationList;
			buildConfigurations = (
				3BB49FF22DF6902700432B57 /* Debug */,
				3BB49FF32DF6902700432B57 /* Release */,
			);
			defaultConfigurationIsVisible = 0;
			defaultConfigurationName = Release;
		};
		3BB49FF42DF6902700432B57 /* Build configuration list for PBXNativeTarget "SpotifyFloater" */ = {
			isa = XCConfigurationList;
			buildConfigurations = (
				3BB49FF52DF6902700432B57 /* Debug */,
				3BB49FF62DF6902700432B57 /* Release */,
			);
			defaultConfigurationIsVisible = 0;
			defaultConfigurationName = Release;
		};
		3BB49FF72DF6902700432B57 /* Build configuration list for PBXNativeTarget "SpotifyFloaterTests" */ = {
			isa = XCConfigurationList;
			buildConfigurations = (
				3BB49FF82DF6902700432B57 /* Debug */,
				3BB49FF92DF6902700432B57 /* Release */,
			);
			defaultConfigurationIsVisible = 0;
			defaultConfigurationName = Release;
		};
		3BB49FFA2DF6902700432B57 /* Build configuration list for PBXNativeTarget "SpotifyFloaterUITests" */ = {
			isa = XCConfigurationList;
			buildConfigurations = (
				3BB49FFB2DF6902700432B57 /* Debug */,
				3BB49FFC2DF6902700432B57 /* Release */,
			);
			defaultConfigurationIsVisible = 0;
			defaultConfigurationName = Release;
		};
/* End XCConfigurationList section */
	};
	rootObject = 3BB49FCA2DF6902600432B57 /* Project object */;
}
